
Microsoft Visual Studio Solution File, Format Version 12.00
# Visual Studio Version 17
VisualStudioVersion = 17.14.36408.4
MinimumVisualStudioVersion = 10.0.40219.1
Project("{FAE04EC0-301F-11D3-BF4B-00C04F79EFBC}") = "NoteTakingApp", "NoteTakingApp\NoteTakingApp.csproj", "{C6AE8A81-201F-4E44-B1D0-D67A5B987EA8}"
EndProject
Project("{FAE04EC0-301F-11D3-BF4B-00C04F79EFBC}") = "NoteTakingApp.Tests", "NoteTakingApp.Tests\NoteTakingApp.Tests.csproj", "{43E8F5B2-E8FA-4CF5-B28B-B79AC8ACB96F}"
EndProject
Global
	GlobalSection(SolutionConfigurationPlatforms) = preSolution
		Debug|Any CPU = Debug|Any CPU
		Debug|x64 = Debug|x64
		Debug|x86 = Debug|x86
		Release|Any CPU = Release|Any CPU
		Release|x64 = Release|x64
		Release|x86 = Release|x86
	EndGlobalSection
	GlobalSection(ProjectConfigurationPlatforms) = postSolution
		{C6AE8A81-201F-4E44-B1D0-D67A5B987EA8}.Debug|Any CPU.ActiveCfg = Debug|Any CPU
		{C6AE8A81-201F-4E44-B1D0-D67A5B987EA8}.Debug|Any CPU.Build.0 = Debug|Any CPU
		{C6AE8A81-201F-4E44-B1D0-D67A5B987EA8}.Debug|x64.ActiveCfg = Debug|Any CPU
		{C6AE8A81-201F-4E44-B1D0-D67A5B987EA8}.Debug|x64.Build.0 = Debug|Any CPU
		{C6AE8A81-201F-4E44-B1D0-D67A5B987EA8}.Debug|x86.ActiveCfg = Debug|Any CPU
		{C6AE8A81-201F-4E44-B1D0-D67A5B987EA8}.Debug|x86.Build.0 = Debug|Any CPU
		{C6AE8A81-201F-4E44-B1D0-D67A5B987EA8}.Release|Any CPU.ActiveCfg = Release|Any CPU
		{C6AE8A81-201F-4E44-B1D0-D67A5B987EA8}.Release|Any CPU.Build.0 = Release|Any CPU
		{C6AE8A81-201F-4E44-B1D0-D67A5B987EA8}.Release|x64.ActiveCfg = Release|Any CPU
		{C6AE8A81-201F-4E44-B1D0-D67A5B987EA8}.Release|x64.Build.0 = Release|Any CPU
		{C6AE8A81-201F-4E44-B1D0-D67A5B987EA8}.Release|x86.ActiveCfg = Release|Any CPU
		{C6AE8A81-201F-4E44-B1D0-D67A5B987EA8}.Release|x86.Build.0 = Release|Any CPU
		{43E8F5B2-E8FA-4CF5-B28B-B79AC8ACB96F}.Debug|Any CPU.ActiveCfg = Debug|Any CPU
		{43E8F5B2-E8FA-4CF5-B28B-B79AC8ACB96F}.Debug|Any CPU.Build.0 = Debug|Any CPU
		{43E8F5B2-E8FA-4CF5-B28B-B79AC8ACB96F}.Debug|x64.ActiveCfg = Debug|Any CPU
		{43E8F5B2-E8FA-4CF5-B28B-B79AC8ACB96F}.Debug|x64.Build.0 = Debug|Any CPU
		{43E8F5B2-E8FA-4CF5-B28B-B79AC8ACB96F}.Debug|x86.ActiveCfg = Debug|Any CPU
		{43E8F5B2-E8FA-4CF5-B28B-B79AC8ACB96F}.Debug|x86.Build.0 = Debug|Any CPU
		{43E8F5B2-E8FA-4CF5-B28B-B79AC8ACB96F}.Release|Any CPU.ActiveCfg = Release|Any CPU
		{43E8F5B2-E8FA-4CF5-B28B-B79AC8ACB96F}.Release|Any CPU.Build.0 = Release|Any CPU
		{43E8F5B2-E8FA-4CF5-B28B-B79AC8ACB96F}.Release|x64.ActiveCfg = Release|Any CPU
		{43E8F5B2-E8FA-4CF5-B28B-B79AC8ACB96F}.Release|x64.Build.0 = Release|Any CPU
		{43E8F5B2-E8FA-4CF5-B28B-B79AC8ACB96F}.Release|x86.ActiveCfg = Release|Any CPU
		{43E8F5B2-E8FA-4CF5-B28B-B79AC8ACB96F}.Release|x86.Build.0 = Release|Any CPU
	EndGlobalSection
	GlobalSection(SolutionProperties) = preSolution
		HideSolutionNode = FALSE
	EndGlobalSection
	GlobalSection(ExtensibilityGlobals) = postSolution
		SolutionGuid = {D25D937F-1735-4C96-845A-7BD00A1C6005}
	EndGlobalSection
EndGlobal
